
Microsoft Visual Studio Solution File, Format Version 12.00
# Visual Studio Version 17
VisualStudioVersion = 17.8.34322.80
MinimumVisualStudioVersion = 10.0.40219.1
Project("{FAE04EC0-301F-11D3-BF4B-00C04F79EFBC}") = "ProjektMaui.Api", "ProjektMaui.Api\ProjektMaui.Api.csproj", "{07C1F87B-0A0D-4C8B-A529-27F6012FE552}"
EndProject
Global
	GlobalSection(SolutionConfigurationPlatforms) = preSolution
		Debug|Any CPU = Debug|Any CPU
		Release|Any CPU = Release|Any CPU
	EndGlobalSection
	GlobalSection(ProjectConfigurationPlatforms) = postSolution
		{07C1F87B-0A0D-4C8B-A529-27F6012FE552}.Debug|Any CPU.ActiveCfg = Debug|Any CPU
		{07C1F87B-0A0D-4C8B-A529-27F6012FE552}.Debug|Any CPU.Build.0 = Debug|Any CPU
		{07C1F87B-0A0D-4C8B-A529-27F6012FE552}.Release|Any CPU.ActiveCfg = Release|Any CPU
		{07C1F87B-0A0D-4C8B-A529-27F6012FE552}.Release|Any CPU.Build.0 = Release|Any CPU
	EndGlobalSection
	GlobalSection(SolutionProperties) = preSolution
		HideSolutionNode = FALSE
	EndGlobalSection
	GlobalSection(ExtensibilityGlobals) = postSolution
		SolutionGuid = {48490B4A-9A09-4A3C-B704-861B08C77DC2}
	EndGlobalSection
EndGlobal
